
Microsoft Visual Studio Solution File, Format Version 12.00
# Visual Studio Version 17
VisualStudioVersion = 17.7.34302.85
MinimumVisualStudioVersion = 10.0.40219.1
Project("{8BC9CEB8-8B4A-11D0-8D11-00A0C91BC942}") = "L7-01", "L7-01.vcxproj", "{2175DB38-2301-4610-B4B2-27E1BC0C8C55}"
EndProject
Global
	GlobalSection(SolutionConfigurationPlatforms) = preSolution
		Debug|x64 = Debug|x64
		Debug|x86 = Debug|x86
		Release|x64 = Release|x64
		Release|x86 = Release|x86
	EndGlobalSection
	GlobalSection(ProjectConfigurationPlatforms) = postSolution
		{2175DB38-2301-4610-B4B2-27E1BC0C8C55}.Debug|x64.ActiveCfg = Debug|x64
		{2175DB38-2301-4610-B4B2-27E1BC0C8C55}.Debug|x64.Build.0 = Debug|x64
		{2175DB38-2301-4610-B4B2-27E1BC0C8C55}.Debug|x86.ActiveCfg = Debug|Win32
		{2175DB38-2301-4610-B4B2-27E1BC0C8C55}.Debug|x86.Build.0 = Debug|Win32
		{2175DB38-2301-4610-B4B2-27E1BC0C8C55}.Release|x64.ActiveCfg = Release|x64
		{2175DB38-2301-4610-B4B2-27E1BC0C8C55}.Release|x64.Build.0 = Release|x64
		{2175DB38-2301-4610-B4B2-27E1BC0C8C55}.Release|x86.ActiveCfg = Release|Win32
		{2175DB38-2301-4610-B4B2-27E1BC0C8C55}.Release|x86.Build.0 = Release|Win32
	EndGlobalSection
	GlobalSection(SolutionProperties) = preSolution
		HideSolutionNode = FALSE
	EndGlobalSection
	GlobalSection(ExtensibilityGlobals) = postSolution
		SolutionGuid = {65A67546-3B04-4D54-80AD-A17D00816453}
	EndGlobalSection
EndGlobal
