
Microsoft Visual Studio Solution File, Format Version 12.00
# Visual Studio Version 17
VisualStudioVersion = 17.7.34302.85
MinimumVisualStudioVersion = 10.0.40219.1
Project("{8BC9CEB8-8B4A-11D0-8D11-00A0C91BC942}") = "L6-03", "L6-03.vcxproj", "{D47A375D-5B3D-4A79-AD4D-99AE928B4E2C}"
EndProject
Global
	GlobalSection(SolutionConfigurationPlatforms) = preSolution
		Debug|x64 = Debug|x64
		Debug|x86 = Debug|x86
		Release|x64 = Release|x64
		Release|x86 = Release|x86
	EndGlobalSection
	GlobalSection(ProjectConfigurationPlatforms) = postSolution
		{D47A375D-5B3D-4A79-AD4D-99AE928B4E2C}.Debug|x64.ActiveCfg = Debug|x64
		{D47A375D-5B3D-4A79-AD4D-99AE928B4E2C}.Debug|x64.Build.0 = Debug|x64
		{D47A375D-5B3D-4A79-AD4D-99AE928B4E2C}.Debug|x86.ActiveCfg = Debug|Win32
		{D47A375D-5B3D-4A79-AD4D-99AE928B4E2C}.Debug|x86.Build.0 = Debug|Win32
		{D47A375D-5B3D-4A79-AD4D-99AE928B4E2C}.Release|x64.ActiveCfg = Release|x64
		{D47A375D-5B3D-4A79-AD4D-99AE928B4E2C}.Release|x64.Build.0 = Release|x64
		{D47A375D-5B3D-4A79-AD4D-99AE928B4E2C}.Release|x86.ActiveCfg = Release|Win32
		{D47A375D-5B3D-4A79-AD4D-99AE928B4E2C}.Release|x86.Build.0 = Release|Win32
	EndGlobalSection
	GlobalSection(SolutionProperties) = preSolution
		HideSolutionNode = FALSE
	EndGlobalSection
	GlobalSection(ExtensibilityGlobals) = postSolution
		SolutionGuid = {EAD1C9FC-66E6-4884-A1AB-31626AD8ECD6}
	EndGlobalSection
EndGlobal
